<Solution>
  <Folder Name="/docs/">
    <File Path="docs/Collections.md" />
    <File Path="docs/Ensure.md" />
    <File Path="docs/Extensions.md" />
    <File Path="docs/Failures.md" />
    <File Path="docs/Linq.md" />
    <File Path="docs/TestExtensions.md" />
  </Folder>
  <Folder Name="/Solution Items/">
    <File Path="CHANGELOG.md" />
    <File Path="Directory.Build.props" />
    <File Path="Directory.Packages.props" />
    <File Path="README.md" />
  </Folder>
  <Folder Name="/src/">
    <Project Path="src/Results.Abstractions/Results.Abstractions.csproj" />
    <Project Path="src/Results.Ensure/Results.Ensure.csproj" />
    <Project Path="src/Results.FluentValidation/Results.FluentValidation.csproj" />
    <Project Path="src/Results.Guards/Results.Guards.csproj" Id="68c214ad-cfa1-4675-aa31-25ebaa310555" />
    <Project Path="src/Results.MinimalApi/Results.MinimalApi.csproj" />
    <Project Path="src/Results.Rules/Results.Rules.csproj" Id="d070f781-c443-4546-ba93-79db0d7baa8b" />
    <Project Path="src/Results/Results.csproj" />
  </Folder>
  <Folder Name="/tests/">
    <Project Path="tests/Results.Abstractions.Tests/Results.Abstractions.Tests.csproj" />
    <Project Path="tests/Results.Ensure.Tests/Results.Ensure.Tests.csproj" />
    <Project Path="tests/Results.FluentValidation.Tests/Results.FluentValidation.Tests.csproj" />
    <Project Path="tests/Results.Guards.Tests/Results.Guards.Tests.csproj" Id="afb3742d-198d-42fa-b688-740ced11b302" />
    <Project Path="tests/Results.MinimalApi.Tests/Results.MinimalApi.Tests.csproj" />
    <Project Path="tests/Results.Rules.Tests/Results.Rules.Tests.csproj" Id="b5f9bf10-c57e-483a-90d0-0f6920a9fb88" />
    <Project Path="tests/Results.Tests/Results.Tests.csproj" />
  </Folder>
  <Folder Name="/tools/">
    <Project Path="tools/Results.Guards.Generator/Results.Guards.Generator.csproj" Id="91ba7250-bbc9-4f79-8aac-d6356da37d74" />
  </Folder>
  <Folder Name="/workflows/">
    <File Path=".github/workflows/build.yaml" />
    <File Path=".github/workflows/publish.yaml" />
    <File Path=".github/workflows/versionCheck.yaml" />
  </Folder>
</Solution>
